# THIS IS AN AUTOGENERATED FILE. DO NOT EDIT THIS FILE DIRECTLY.
# yarn lockfile v1


"@derockdev/discord-components-core@^3.5.3", "@derockdev/discord-components-core@^3.6.1":
  version "3.6.1"
  resolved "https://registry.yarnpkg.com/@derockdev/discord-components-core/-/discord-components-core-3.6.1.tgz#451f2c79539d540536f1c6e739f22c1912790ef9"
  integrity sha512-qLcoab2Olui1IzJavnPzMgZzopWU21D3VDthkFgzZyiID4C5+OiSWx6ZNxz6wnMKfv/253AsXg8opdCwoRJKgg==
  dependencies:
    "@stencil/core" "^3.4.1"
    clsx "^1.2.1"
    hex-to-rgba "^2.0.1"
    highlight.js "^11.6.0"

"@derockdev/discord-components-react@^3.5.3":
  version "3.6.1"
  resolved "https://registry.yarnpkg.com/@derockdev/discord-components-react/-/discord-components-react-3.6.1.tgz#5e0c444910a0617c2a41bbfa73bab462cb946083"
  integrity sha512-+EIHAo5wgXbVwJVgsRohi5/ZcWwrzzCPlV45c1lDL5iOvuuHDZKuPXJdUCdxUJBUpd2zxhcvjBXEZIlJqTe+sA==
  dependencies:
    "@derockdev/discord-components-core" "^3.6.1"
    tslib "^2.6.0"

"@discordjs/builders@^1.6.5":
  version "1.6.5"
  resolved "https://registry.yarnpkg.com/@discordjs/builders/-/builders-1.6.5.tgz#3e23912eaab1d542b61ca0fa7202e5aaef2b7200"
  integrity sha512-SdweyCs/+mHj+PNhGLLle7RrRFX9ZAhzynHahMCLqp5Zeq7np7XC6/mgzHc79QoVlQ1zZtOkTTiJpOZu5V8Ufg==
  dependencies:
    "@discordjs/formatters" "^0.3.2"
    "@discordjs/util" "^1.0.1"
    "@sapphire/shapeshift" "^3.9.2"
    discord-api-types "0.37.50"
    fast-deep-equal "^3.1.3"
    ts-mixer "^6.0.3"
    tslib "^2.6.1"

"@discordjs/collection@^1.5.3":
  version "1.5.3"
  resolved "https://registry.yarnpkg.com/@discordjs/collection/-/collection-1.5.3.tgz#5a1250159ebfff9efa4f963cfa7e97f1b291be18"
  integrity sha512-SVb428OMd3WO1paV3rm6tSjM4wC+Kecaa1EUGX7vc6/fddvw/6lg90z4QtCqm21zvVe92vMMDt9+DkIvjXImQQ==

"@discordjs/formatters@^0.3.2":
  version "0.3.2"
  resolved "https://registry.yarnpkg.com/@discordjs/formatters/-/formatters-0.3.2.tgz#3ae054f7b3097cc0dc7645fade37a3f20fa1fb4b"
  integrity sha512-lE++JZK8LSSDRM5nLjhuvWhGuKiXqu+JZ/DsOR89DVVia3z9fdCJVcHF2W/1Zxgq0re7kCzmAJlCMMX3tetKpA==
  dependencies:
    discord-api-types "0.37.50"

"@discordjs/rest@^2.0.1":
  version "2.0.1"
  resolved "https://registry.yarnpkg.com/@discordjs/rest/-/rest-2.0.1.tgz#100c208a964e54b8d7cd418bbaed279c816b8ec5"
  integrity sha512-/eWAdDRvwX/rIE2tuQUmKaxmWeHmGealttIzGzlYfI4+a7y9b6ZoMp8BG/jaohs8D8iEnCNYaZiOFLVFLQb8Zg==
  dependencies:
    "@discordjs/collection" "^1.5.3"
    "@discordjs/util" "^1.0.1"
    "@sapphire/async-queue" "^1.5.0"
    "@sapphire/snowflake" "^3.5.1"
    "@vladfrangu/async_event_emitter" "^2.2.2"
    discord-api-types "0.37.50"
    magic-bytes.js "^1.0.15"
    tslib "^2.6.1"
    undici "5.22.1"

"@discordjs/util@^1.0.1":
  version "1.0.1"
  resolved "https://registry.yarnpkg.com/@discordjs/util/-/util-1.0.1.tgz#7d6f97b65425d3a8b46ea1180150dee6991a88cf"
  integrity sha512-d0N2yCxB8r4bn00/hvFZwM7goDcUhtViC5un4hPj73Ba4yrChLSJD8fy7Ps5jpTLg1fE9n4K0xBLc1y9WGwSsA==

"@discordjs/ws@^1.0.1":
  version "1.0.1"
  resolved "https://registry.yarnpkg.com/@discordjs/ws/-/ws-1.0.1.tgz#fab8aa4c1667040a95b5268a2875add27353d323"
  integrity sha512-avvAolBqN3yrSvdBPcJ/0j2g42ABzrv3PEL76e3YTp2WYMGH7cuspkjfSyNWaqYl1J+669dlLp+YFMxSVQyS5g==
  dependencies:
    "@discordjs/collection" "^1.5.3"
    "@discordjs/rest" "^2.0.1"
    "@discordjs/util" "^1.0.1"
    "@sapphire/async-queue" "^1.5.0"
    "@types/ws" "^8.5.5"
    "@vladfrangu/async_event_emitter" "^2.2.2"
    discord-api-types "0.37.50"
    tslib "^2.6.1"
    ws "^8.13.0"

"@prisma/client@^5.7.1":
  version "5.7.1"
  resolved "https://registry.yarnpkg.com/@prisma/client/-/client-5.7.1.tgz#a124afd05663267f7255a639a81d28303684a063"
  integrity sha512-TUSa4nUcC4nf/e7X3jyO1pEd6XcI/TLRCA0KjkA46RDIpxUaRsBYEOqITwXRW2c0bMFyKcCRXrH4f7h4q9oOlg==

"@prisma/debug@5.7.1":
  version "5.7.1"
  resolved "https://registry.yarnpkg.com/@prisma/debug/-/debug-5.7.1.tgz#064177066e630beb43492ffa608acc21a118e2ce"
  integrity sha512-yrVSO/YZOxdeIxcBtZ5BaNqUfPrZkNsAKQIQg36cJKMxj/VYK3Vk5jMKkI+gQLl0KReo1YvX8GWKfV788SELjw==

"@prisma/engines-version@5.7.1-1.0ca5ccbcfa6bdc81c003cf549abe4269f59c41e5":
  version "5.7.1-1.0ca5ccbcfa6bdc81c003cf549abe4269f59c41e5"
  resolved "https://registry.yarnpkg.com/@prisma/engines-version/-/engines-version-5.7.1-1.0ca5ccbcfa6bdc81c003cf549abe4269f59c41e5.tgz#b7845425313e5395a3a3e64f3e0d04c1f320fa92"
  integrity sha512-dIR5IQK/ZxEoWRBDOHF87r1Jy+m2ih3Joi4vzJRP+FOj5yxCwS2pS5SBR3TWoVnEK1zxtLI/3N7BjHyGF84fgw==

"@prisma/engines@5.7.1":
  version "5.7.1"
  resolved "https://registry.yarnpkg.com/@prisma/engines/-/engines-5.7.1.tgz#631c27daa326bbacd5d7119446e0d3f15c0f274c"
  integrity sha512-R+Pqbra8tpLP2cvyiUpx+SIKglav3nTCpA+rn6826CThviQ8yvbNG0s8jNpo51vS9FuZO3pOkARqG062vKX7uA==
  dependencies:
    "@prisma/debug" "5.7.1"
    "@prisma/engines-version" "5.7.1-1.0ca5ccbcfa6bdc81c003cf549abe4269f59c41e5"
    "@prisma/fetch-engine" "5.7.1"
    "@prisma/get-platform" "5.7.1"

"@prisma/fetch-engine@5.7.1":
  version "5.7.1"
  resolved "https://registry.yarnpkg.com/@prisma/fetch-engine/-/fetch-engine-5.7.1.tgz#d7baa3493867c6f7cedfc41df477cfd0963059ca"
  integrity sha512-9ELauIEBkIaEUpMIYPRlh5QELfoC6pyHolHVQgbNxglaINikZ9w9X7r1TIePAcm05pCNp2XPY1ObQIJW5nYfBQ==
  dependencies:
    "@prisma/debug" "5.7.1"
    "@prisma/engines-version" "5.7.1-1.0ca5ccbcfa6bdc81c003cf549abe4269f59c41e5"
    "@prisma/get-platform" "5.7.1"

"@prisma/get-platform@5.7.1":
  version "5.7.1"
  resolved "https://registry.yarnpkg.com/@prisma/get-platform/-/get-platform-5.7.1.tgz#bc2fe43838c7d47b321aa4728a0f60990d02bc9e"
  integrity sha512-eDlswr3a1m5z9D/55Iyt/nZqS5UpD+DZ9MooBB3hvrcPhDQrcf9m4Tl7buy4mvAtrubQ626ECtb8c6L/f7rGSQ==
  dependencies:
    "@prisma/debug" "5.7.1"

"@sapphire/async-queue@^1.5.0":
  version "1.5.0"
  resolved "https://registry.yarnpkg.com/@sapphire/async-queue/-/async-queue-1.5.0.tgz#2f255a3f186635c4fb5a2381e375d3dfbc5312d8"
  integrity sha512-JkLdIsP8fPAdh9ZZjrbHWR/+mZj0wvKS5ICibcLrRI1j84UmLMshx5n9QmL8b95d4onJ2xxiyugTgSAX7AalmA==

"@sapphire/shapeshift@^3.9.2":
  version "3.9.2"
  resolved "https://registry.yarnpkg.com/@sapphire/shapeshift/-/shapeshift-3.9.2.tgz#a9c12cd51e1bc467619bb56df804450dd14871ac"
  integrity sha512-YRbCXWy969oGIdqR/wha62eX8GNHsvyYi0Rfd4rNW6tSVVa8p0ELiMEuOH/k8rgtvRoM+EMV7Csqz77YdwiDpA==
  dependencies:
    fast-deep-equal "^3.1.3"
    lodash "^4.17.21"

"@sapphire/snowflake@^3.5.1":
  version "3.5.1"
  resolved "https://registry.yarnpkg.com/@sapphire/snowflake/-/snowflake-3.5.1.tgz#254521c188b49e8b2d4cc048b475fb2b38737fec"
  integrity sha512-BxcYGzgEsdlG0dKAyOm0ehLGm2CafIrfQTZGWgkfKYbj+pNNsorZ7EotuZukc2MT70E0UbppVbtpBrqpzVzjNA==

"@stencil/core@^3.4.1":
  version "3.4.2"
  resolved "https://registry.yarnpkg.com/@stencil/core/-/core-3.4.2.tgz#57ce7f71fe18c2ec0967821bec667fc453cca962"
  integrity sha512-FAUhUVaakCy29nU2GwO/HQBRV1ihPRvncz3PUc8oR+UJLAxGabTmP8PLY7wvHfbw+Cvi4VXfJFTBvdfDu6iKPQ==

"@types/js-yaml@^4.0.5":
  version "4.0.5"
  resolved "https://registry.npmjs.org/@types/js-yaml/-/js-yaml-4.0.5.tgz"
  integrity sha512-FhpRzf927MNQdRZP0J5DLIdTXhjLYzeUTmLAu69mnVksLH9CJY3IuSeEgbKUki7GQZm0WqDkGzyxju2EZGD2wA==

"@types/ms@^0.7.31":
  version "0.7.31"
  resolved "https://registry.npmjs.org/@types/ms/-/ms-0.7.31.tgz"
  integrity sha512-iiUgKzV9AuaEkZqkOLDIvlQiL6ltuZd9tGcW3gwpnX8JbuiuhFlEGmmFXEXkN50Cvq7Os88IY2v0dkDqXYWVgA==

"@types/node@*":
  version "20.5.1"
  resolved "https://registry.yarnpkg.com/@types/node/-/node-20.5.1.tgz#178d58ee7e4834152b0e8b4d30cbfab578b9bb30"
  integrity sha512-4tT2UrL5LBqDwoed9wZ6N3umC4Yhz3W3FloMmiiG4JwmUJWpie0c7lcnUNd4gtMKuDEO4wRVS8B6Xa0uMRsMKg==

"@types/prop-types@*":
  version "15.7.5"
  resolved "https://registry.yarnpkg.com/@types/prop-types/-/prop-types-15.7.5.tgz#5f19d2b85a98e9558036f6a3cacc8819420f05cf"
  integrity sha512-JCB8C6SnDoQf0cNycqd/35A7MjcnK+ZTqE7judS6o7utxUCg6imJg3QK2qzHKszlTjcj2cn+NwMB2i96ubpj7w==

"@types/react@>=16.0.0":
  version "18.2.21"
  resolved "https://registry.yarnpkg.com/@types/react/-/react-18.2.21.tgz#774c37fd01b522d0b91aed04811b58e4e0514ed9"
  integrity sha512-neFKG/sBAwGxHgXiIxnbm3/AAVQ/cMRS93hvBpg8xYRbeQSPVABp9U2bRnPf0iI4+Ucdv3plSxKK+3CW2ENJxA==
  dependencies:
    "@types/prop-types" "*"
    "@types/scheduler" "*"
    csstype "^3.0.2"

"@types/scheduler@*":
  version "0.16.3"
  resolved "https://registry.yarnpkg.com/@types/scheduler/-/scheduler-0.16.3.tgz#cef09e3ec9af1d63d2a6cc5b383a737e24e6dcf5"
  integrity sha512-5cJ8CB4yAx7BH1oMvdU0Jh9lrEXyPkar6F9G/ERswkCuvP4KQZfZkSjcMbAICCpQTN4OuZn8tz0HiKv9TGZgrQ==

"@types/ws@^8.5.5":
  version "8.5.5"
  resolved "https://registry.yarnpkg.com/@types/ws/-/ws-8.5.5.tgz#af587964aa06682702ee6dcbc7be41a80e4b28eb"
  integrity sha512-lwhs8hktwxSjf9UaZ9tG5M03PGogvFaH8gUgLNbN9HKIg0dvv6q+gkSuJ8HN4/VbyxkuLzCjlN7GquQ0gUJfIg==
  dependencies:
    "@types/node" "*"

"@vierofernando/decancer-android-arm-eabi@1.5.2":
  version "1.5.2"
  resolved "https://registry.yarnpkg.com/@vierofernando/decancer-android-arm-eabi/-/decancer-android-arm-eabi-1.5.2.tgz#ec43750c3a955bba2a46610ee4119c4a2e3404a7"
  integrity sha512-E2OrLFe46X012l9kDKW4atyf/jg65ZSJxLXcU+t4bWxE8Hq8ckJtg83H6iOUVVwr9+GrR96WFQAuhl+gShEtBA==

"@vierofernando/decancer-android-arm64@1.5.2":
  version "1.5.2"
  resolved "https://registry.yarnpkg.com/@vierofernando/decancer-android-arm64/-/decancer-android-arm64-1.5.2.tgz#0f0332d88b9e0fe0e256f18ba6c9b68ee75fe664"
  integrity sha512-2XtTqlZ17xfbFCsfFur04yH5iX04xpVnS98tp6dElEhYLIvfWiosjW/f6nqWblH4T3gv4sY+OF8Fp0mE6lbyfw==

"@vierofernando/decancer-darwin-arm64@1.5.2":
  version "1.5.2"
  resolved "https://registry.yarnpkg.com/@vierofernando/decancer-darwin-arm64/-/decancer-darwin-arm64-1.5.2.tgz#2d12cbf0d6c96c82e385b21a54f6e43e66bdb276"
  integrity sha512-2GHdc+QT+8RF7UDqHF6Wdrqfk+UDHyG3m/8veFVJIuRCev0/4fvnUFJm1KhkVGYy7gBDF8sBLavV3DfgKKgxHw==

"@vierofernando/decancer-darwin-x64@1.5.2":
  version "1.5.2"
  resolved "https://registry.npmjs.org/@vierofernando/decancer-darwin-x64/-/decancer-darwin-x64-1.5.2.tgz"
  integrity sha512-wSbfYfr5Yqn/Jx9SpSkQTr+l1CB0vZAPiHptAKrhP0iWHJC28RnMqY1yoZF9L7beIpaU+qKzN4kYqp/LhxDldg==

"@vierofernando/decancer-freebsd-x64@1.5.2":
  version "1.5.2"
  resolved "https://registry.yarnpkg.com/@vierofernando/decancer-freebsd-x64/-/decancer-freebsd-x64-1.5.2.tgz#fd82c0b55ba4ca417fa27e8d48cb403afcabf708"
  integrity sha512-7d3IREU5VlxLm4cZ6YOBR7LdTmKrTIf9BJn0d5FCu7VB7w2ret9jfSMbyn4sRnhm/oCteMYP0qpwRMB7Q+kkrg==

"@vierofernando/decancer-linux-arm-gnueabihf@1.5.2":
  version "1.5.2"
  resolved "https://registry.yarnpkg.com/@vierofernando/decancer-linux-arm-gnueabihf/-/decancer-linux-arm-gnueabihf-1.5.2.tgz#be32be2082a426ede8b85447b7c8f79ca3197749"
  integrity sha512-KeAmwMZMzXe0gNO9hwKG2znLLMFKOn4877SbVD+s5rNf2VWO9yZe5ixn5Ws56zbQNBjIQcfV3uSwt/Hf6Dt7vQ==

"@vierofernando/decancer-linux-arm64-gnu@1.5.2":
  version "1.5.2"
  resolved "https://registry.yarnpkg.com/@vierofernando/decancer-linux-arm64-gnu/-/decancer-linux-arm64-gnu-1.5.2.tgz#0df3fe70b7957255a48699e85d94a7edb59d0485"
  integrity sha512-EoeKY6z7NkjkVvnsNFpFiEXkbVHo2sNQlCBUe/SYTh63baDE2RrmOlO4qQV/VbjpICniy27v/Qni5pnCTV7ZLw==

"@vierofernando/decancer-linux-arm64-musl@1.5.2":
  version "1.5.2"
  resolved "https://registry.yarnpkg.com/@vierofernando/decancer-linux-arm64-musl/-/decancer-linux-arm64-musl-1.5.2.tgz#9bba825d2770cc1e514f59171fb674fa97a63930"
  integrity sha512-JURjRlQhF/yzrPNogFu5Ufx1QLeZKnT4Z/L+PcPeIMv4ZIOI3uzWz6k3h6B/vxSBF7a0vTjYyf/AHCjGWH3Ygg==

"@vierofernando/decancer-linux-x64-gnu@1.5.2":
  version "1.5.2"
  resolved "https://registry.yarnpkg.com/@vierofernando/decancer-linux-x64-gnu/-/decancer-linux-x64-gnu-1.5.2.tgz#b734f3af3cccae1050ee8cfe96b66f9d7c3b8ba1"
  integrity sha512-ChIoz7mX7tX7liljG3P0HrjttydGqSt+ZxXyvNHuresl7joKkU9UnTnpptpAcd1H6F35CAm0+9CNryvAgFyqVA==

"@vierofernando/decancer-linux-x64-musl@1.5.2":
  version "1.5.2"
  resolved "https://registry.yarnpkg.com/@vierofernando/decancer-linux-x64-musl/-/decancer-linux-x64-musl-1.5.2.tgz#e85f476d88626c61a379f718a5c9b04a60353794"
  integrity sha512-bi6GY5aUgN2hda2mBVLpian2/X0s3ewTLLUpS/bqePEi2TkzJVWtDFh9bbnNEBU698dXNcfPuaQKeZefD+kZzA==

"@vierofernando/decancer-win32-arm64-msvc@1.5.2":
  version "1.5.2"
  resolved "https://registry.yarnpkg.com/@vierofernando/decancer-win32-arm64-msvc/-/decancer-win32-arm64-msvc-1.5.2.tgz#f9c24e7238ba1dcd1152d32d6d7adea9c48b0b4b"
  integrity sha512-jlD1dZ7JeGx7SukhRGlVxZjOkZaPOC/lldguWZX8xkk4dcbW/wqLwnKkZbkGBeTZyVqJkuDXq6MTMYMFIR8DeQ==

"@vierofernando/decancer-win32-ia32-msvc@1.5.2":
  version "1.5.2"
  resolved "https://registry.yarnpkg.com/@vierofernando/decancer-win32-ia32-msvc/-/decancer-win32-ia32-msvc-1.5.2.tgz#5066d286af0095cbb7503ce12036cf2d1585a32c"
  integrity sha512-bl4UIsWLUaHWmlJYPmL1H0kkKN3Aw6GkRv/dhgJxKcz1Nx/4pDJtq9g0jwyJ91rJcdI8exMeE0TeGZuhs1zXHA==

"@vierofernando/decancer-win32-x64-msvc@1.5.2":
  version "1.5.2"
  resolved "https://registry.yarnpkg.com/@vierofernando/decancer-win32-x64-msvc/-/decancer-win32-x64-msvc-1.5.2.tgz#983e69457e9aad3acee2c34d39129273a6c28adc"
  integrity sha512-1azddaHpqZTohx8AKYOf8rP6nAGZaKqmt0v0K4//T/MNhlEIfq5MqMT+vdcLoehWA2IKK65F3SewDaazLAlvNA==

"@vladfrangu/async_event_emitter@^2.2.2":
  version "2.2.2"
  resolved "https://registry.yarnpkg.com/@vladfrangu/async_event_emitter/-/async_event_emitter-2.2.2.tgz#84c5a3f8d648842cec5cc649b88df599af32ed88"
  integrity sha512-HIzRG7sy88UZjBJamssEczH5q7t5+axva19UbZLO6u0ySbYPrwzWiXBcC0WuHyhKKoeCyneH+FvYzKQq/zTtkQ==

argparse@^2.0.1:
  version "2.0.1"
  resolved "https://registry.npmjs.org/argparse/-/argparse-2.0.1.tgz"
  integrity sha512-8+9WqebbFzpX9OR+Wa6O29asIogeRMzcGtAINdpMHHyAg10f05aSFVBbcEqGf/PXw1EjAZ+q2/bEBg3DvurK3Q==

busboy@^1.6.0:
  version "1.6.0"
  resolved "https://registry.yarnpkg.com/busboy/-/busboy-1.6.0.tgz#966ea36a9502e43cdb9146962523b92f531f6893"
  integrity sha512-8SFQbg/0hQ9xy3UNTB0YEnsNBbWfhf7RtnzpL7TkBiTBRfrQ9Fxcnz7VJsleJpyp6rVLvXiuORqjlHi5q+PYuA==
  dependencies:
    streamsearch "^1.1.0"

clsx@^1.2.1:
  version "1.2.1"
  resolved "https://registry.yarnpkg.com/clsx/-/clsx-1.2.1.tgz#0ddc4a20a549b59c93a4116bb26f5294ca17dc12"
  integrity sha512-EcR6r5a8bj6pu3ycsa/E/cKVGuTgZJZdsyUYHOksG/UHIiKfjxzRxYJpyVBwYaQeOvghal9fcc4PidlgzugAQg==

csstype@^3.0.2:
  version "3.1.2"
  resolved "https://registry.yarnpkg.com/csstype/-/csstype-3.1.2.tgz#1d4bf9d572f11c14031f0436e1c10bc1f571f50b"
  integrity sha512-I7K1Uu0MBPzaFKg4nI5Q7Vs2t+3gWWW648spaF+Rg7pI9ds18Ugn+lvg4SHczUdKlHI5LWBXyqfS8+DufyBsgQ==

decancer@^1.5.2:
  version "1.5.2"
  resolved "https://registry.npmjs.org/decancer/-/decancer-1.5.2.tgz"
  integrity sha512-JrSY4y+Gr9MqHoEA6Et4jEUyfXOttJnYkxzgy2w1Lm1GYNtBKkKfdhhmdX3tgnLNnJuzmb7UVSfMB8lHh9XubQ==
  optionalDependencies:
    "@vierofernando/decancer-android-arm-eabi" "1.5.2"
    "@vierofernando/decancer-android-arm64" "1.5.2"
    "@vierofernando/decancer-darwin-arm64" "1.5.2"
    "@vierofernando/decancer-darwin-x64" "1.5.2"
    "@vierofernando/decancer-freebsd-x64" "1.5.2"
    "@vierofernando/decancer-linux-arm-gnueabihf" "1.5.2"
    "@vierofernando/decancer-linux-arm64-gnu" "1.5.2"
    "@vierofernando/decancer-linux-arm64-musl" "1.5.2"
    "@vierofernando/decancer-linux-x64-gnu" "1.5.2"
    "@vierofernando/decancer-linux-x64-musl" "1.5.2"
    "@vierofernando/decancer-win32-arm64-msvc" "1.5.2"
    "@vierofernando/decancer-win32-ia32-msvc" "1.5.2"
    "@vierofernando/decancer-win32-x64-msvc" "1.5.2"

discord-api-types@0.37.50:
  version "0.37.50"
  resolved "https://registry.yarnpkg.com/discord-api-types/-/discord-api-types-0.37.50.tgz#6059eb8c0b784ad8194655a8b8b7f540fcfac428"
  integrity sha512-X4CDiMnDbA3s3RaUXWXmgAIbY1uxab3fqe3qwzg5XutR3wjqi7M3IkgQbsIBzpqBN2YWr/Qdv7JrFRqSgb4TFg==

discord-html-transcripts@^3.1.5:
  version "3.1.5"
  resolved "https://registry.yarnpkg.com/discord-html-transcripts/-/discord-html-transcripts-3.1.5.tgz#425e55a587605385d7cb73a98ea90dbf6e3f7f8e"
  integrity sha512-4xPf2yM99eSYtldSjO87TsDYQC+jjxv8KOSJC/eFYZTWGMkwZaTVewUHiQWVe3Fb33ol1VGZ3Cc6xMeb3PxZmA==
  dependencies:
    "@derockdev/discord-components-core" "^3.5.3"
    "@derockdev/discord-components-react" "^3.5.3"
    discord-markdown-parser "~1.1.0"
    react "^18.2.0"
    react-dom "^18.2.0"
    simple-markdown "^0.7.3"
    twemoji "^14.0.2"
    undici "^5.21.0"

discord-markdown-parser@~1.1.0:
  version "1.1.0"
  resolved "https://registry.yarnpkg.com/discord-markdown-parser/-/discord-markdown-parser-1.1.0.tgz#bfc5c3c2963690a6b21fdedb49039e96b0ca91cd"
  integrity sha512-o2+iFgt5qer6UYY5hVTPGq2mGzleKRGYKcvymg67FdKg4AMJ061KbebKunCERWKjx79dmNHMDnGV2F0DRGCNkw==
  dependencies:
    simple-markdown "^0.7.3"

discord.js@^14.13.0:
  version "14.13.0"
  resolved "https://registry.yarnpkg.com/discord.js/-/discord.js-14.13.0.tgz#e7a00bdba70adb9e266a06884ca1acaf9a0b5c20"
  integrity sha512-Kufdvg7fpyTEwANGy9x7i4od4yu5c6gVddGi5CKm4Y5a6sF0VBODObI3o0Bh7TGCj0LfNT8Qp8z04wnLFzgnbA==
  dependencies:
    "@discordjs/builders" "^1.6.5"
    "@discordjs/collection" "^1.5.3"
    "@discordjs/formatters" "^0.3.2"
    "@discordjs/rest" "^2.0.1"
    "@discordjs/util" "^1.0.1"
    "@discordjs/ws" "^1.0.1"
    "@sapphire/snowflake" "^3.5.1"
    "@types/ws" "^8.5.5"
    discord-api-types "0.37.50"
    fast-deep-equal "^3.1.3"
    lodash.snakecase "^4.1.1"
    tslib "^2.6.1"
    undici "5.22.1"
    ws "^8.13.0"

dotenv@^16.0.3:
  version "16.0.3"
  resolved "https://registry.npmjs.org/dotenv/-/dotenv-16.0.3.tgz"
  integrity sha512-7GO6HghkA5fYG9TYnNxi14/7K9f5occMlp3zXAuSxn7CKCxt9xbNWG7yF8hTCSUchlfWSe3uLmlPfigevRItzQ==

fast-deep-equal@^3.1.3:
  version "3.1.3"
  resolved "https://registry.yarnpkg.com/fast-deep-equal/-/fast-deep-equal-3.1.3.tgz#3a7d56b559d6cbc3eb512325244e619a65c6c525"
  integrity sha512-f3qQ9oQy9j2AhBe/H9VC91wLmKBCCU/gDOnKNAYG5hswO7BLKj09Hc5HYNz9cGI++xlpDCIgDaitVs03ATR84Q==

fs-extra@^8.0.1:
  version "8.1.0"
  resolved "https://registry.yarnpkg.com/fs-extra/-/fs-extra-8.1.0.tgz#49d43c45a88cd9677668cb7be1b46efdb8d2e1c0"
  integrity sha512-yhlQgA6mnOJUKOsRUFsgJdQCvkKhcz8tlZG5HBQfReYZy46OwLcY+Zia0mtdHsOo9y/hP+CxMN0TU9QxoOtG4g==
  dependencies:
    graceful-fs "^4.2.0"
    jsonfile "^4.0.0"
    universalify "^0.1.0"

graceful-fs@^4.1.6, graceful-fs@^4.2.0:
  version "4.2.11"
  resolved "https://registry.yarnpkg.com/graceful-fs/-/graceful-fs-4.2.11.tgz#4183e4e8bf08bb6e05bbb2f7d2e0c8f712ca40e3"
  integrity sha512-RbJ5/jmFcNNCcDV5o9eTnBLJ/HszWV0P73bc+Ff4nS/rJj+YaS6IGyiOL0VoBYX+l1Wrl3k63h/KrH+nhJ0XvQ==

hex-to-rgba@^2.0.1:
  version "2.0.1"
  resolved "https://registry.yarnpkg.com/hex-to-rgba/-/hex-to-rgba-2.0.1.tgz#4176977882a1cb32b83ce5ab1db6828ab84d5a13"
  integrity sha512-5XqPJBpsEUMsseJUi2w2Hl7cHFFi3+OO10M2pzAvKB1zL6fc+koGMhmBqoDOCB4GemiRM/zvDMRIhVw6EkB8dQ==

highlight.js@^11.6.0:
  version "11.8.0"
  resolved "https://registry.yarnpkg.com/highlight.js/-/highlight.js-11.8.0.tgz#966518ea83257bae2e7c9a48596231856555bb65"
  integrity sha512-MedQhoqVdr0U6SSnWPzfiadUcDHfN/Wzq25AkXiQv9oiOO/sG0S7XkvpFIqWBl9Yq1UYyYOOVORs5UW2XlPyzg==

"js-tokens@^3.0.0 || ^4.0.0":
  version "4.0.0"
  resolved "https://registry.yarnpkg.com/js-tokens/-/js-tokens-4.0.0.tgz#19203fb59991df98e3a287050d4647cdeaf32499"
  integrity sha512-RdJUflcE3cUzKiMqQgsCu06FPu9UdIJO0beYbPhHN4k6apgJtifcoCtT9bcxOpYBtpD2kCM6Sbzg4CausW/PKQ==

js-yaml@^4.1.0:
  version "4.1.0"
  resolved "https://registry.npmjs.org/js-yaml/-/js-yaml-4.1.0.tgz"
  integrity sha512-wpxZs9NoxZaJESJGIZTyDEaYpl0FKSA+FB9aJiyemKhMwkxQg63h4T1KJgUGHpTqPDNRcmmYLugrRjJlBtWvRA==
  dependencies:
    argparse "^2.0.1"

jsonfile@^4.0.0:
  version "4.0.0"
  resolved "https://registry.yarnpkg.com/jsonfile/-/jsonfile-4.0.0.tgz#8771aae0799b64076b76640fca058f9c10e33ecb"
  integrity sha512-m6F1R3z8jjlf2imQHS2Qez5sjKWQzbuuhuJ/FKYFRZvPE3PuHcSMVZzfsLhGVOkfd20obL5SWEBew5ShlquNxg==
  optionalDependencies:
    graceful-fs "^4.1.6"

jsonfile@^5.0.0:
  version "5.0.0"
  resolved "https://registry.yarnpkg.com/jsonfile/-/jsonfile-5.0.0.tgz#e6b718f73da420d612823996fdf14a03f6ff6922"
  integrity sha512-NQRZ5CRo74MhMMC3/3r5g2k4fjodJ/wh8MxjFbCViWKFjxrnudWSY5vomh+23ZaXzAS7J3fBZIR2dV6WbmfM0w==
  dependencies:
    universalify "^0.1.2"
  optionalDependencies:
    graceful-fs "^4.1.6"

lodash.snakecase@^4.1.1:
  version "4.1.1"
  resolved "https://registry.yarnpkg.com/lodash.snakecase/-/lodash.snakecase-4.1.1.tgz#39d714a35357147837aefd64b5dcbb16becd8f8d"
  integrity sha512-QZ1d4xoBHYUeuouhEq3lk3Uq7ldgyFXGBhg04+oRLnIz8o9T65Eh+8YdroUwn846zchkA9yDsDl5CVVaV2nqYw==

lodash@^4.17.21:
  version "4.17.21"
  resolved "https://registry.yarnpkg.com/lodash/-/lodash-4.17.21.tgz#679591c564c3bffaae8454cf0b3df370c3d6911c"
  integrity sha512-v2kDEe57lecTulaDIuNTPy3Ry4gLGJ6Z1O3vE1krgXZNrsQ+LFTGHVxVjcXPs17LhbZVGedAJv8XZ1tvj5FvSg==

loose-envify@^1.1.0:
  version "1.4.0"
  resolved "https://registry.yarnpkg.com/loose-envify/-/loose-envify-1.4.0.tgz#71ee51fa7be4caec1a63839f7e682d8132d30caf"
  integrity sha512-lyuxPGr/Wfhrlem2CL/UcnUc1zcqKAImBDzukY7Y5F/yQiNdko6+fRLevlw1HgMySw7f611UIY408EtxRSoK3Q==
  dependencies:
    js-tokens "^3.0.0 || ^4.0.0"

magic-bytes.js@^1.0.15:
  version "1.0.15"
  resolved "https://registry.yarnpkg.com/magic-bytes.js/-/magic-bytes.js-1.0.15.tgz#3c9d2b7d45bb8432482646b5f74bbf6725274616"
  integrity sha512-bpRmwbRHqongRhA+mXzbLWjVy7ylqmfMBYaQkSs6pac0z6hBTvsgrH0r4FBYd/UYVJBmS6Rp/O+oCCQVLzKV1g==

ms@^2.1.3:
  version "2.1.3"
  resolved "https://registry.npmjs.org/ms/-/ms-2.1.3.tgz"
  integrity sha512-6FlzubTLZG3J2a/NVCAleEhjzq5oxgHyaCU9yYXvcLsvoVaHJq/s5xXI6/XXP6tz7R9xAOtHnSO/tXtF3WRTlA==

prisma@^5.7.1:
  version "5.7.1"
  resolved "https://registry.yarnpkg.com/prisma/-/prisma-5.7.1.tgz#af60ed90531adc0ab8a683c9b1fc86d841c39864"
  integrity sha512-ekho7ziH0WEJvC4AxuJz+ewRTMskrebPcrKuBwcNzVDniYxx+dXOGcorNeIb9VEMO5vrKzwNYvhD271Ui2jnNw==
  dependencies:
    "@prisma/engines" "5.7.1"

react-dom@^18.2.0:
  version "18.2.0"
  resolved "https://registry.yarnpkg.com/react-dom/-/react-dom-18.2.0.tgz#22aaf38708db2674ed9ada224ca4aa708d821e3d"
  integrity sha512-6IMTriUmvsjHUjNtEDudZfuDQUoWXVxKHhlEGSk81n4YFS+r/Kl99wXiwlVXtPBtJenozv2P+hxDsw9eA7Xo6g==
  dependencies:
    loose-envify "^1.1.0"
    scheduler "^0.23.0"

react@^18.2.0:
  version "18.2.0"
  resolved "https://registry.yarnpkg.com/react/-/react-18.2.0.tgz#555bd98592883255fa00de14f1151a917b5d77d5"
  integrity sha512-/3IjMdb2L9QbBdWiW5e3P2/npwMBaU9mHCSCUzNln0ZCYbcfTsGbTJrU/kGemdH2IWmB2ioZ+zkxtmq6g09fGQ==
  dependencies:
    loose-envify "^1.1.0"

scheduler@^0.23.0:
  version "0.23.0"
  resolved "https://registry.yarnpkg.com/scheduler/-/scheduler-0.23.0.tgz#ba8041afc3d30eb206a487b6b384002e4e61fdfe"
  integrity sha512-CtuThmgHNg7zIZWAXi3AsyIzA3n4xx7aNyjwC2VJldO2LMVDhFK+63xGqq6CsJH4rTAt6/M+N4GhZiDYPx9eUw==
  dependencies:
    loose-envify "^1.1.0"

simple-markdown@^0.7.3:
  version "0.7.3"
  resolved "https://registry.yarnpkg.com/simple-markdown/-/simple-markdown-0.7.3.tgz#e32150b2ec6f8287197d09869fd928747a9c5640"
  integrity sha512-uGXIc13NGpqfPeFJIt/7SHHxd6HekEJYtsdoCM06mEBPL9fQH/pSD7LRM6PZ7CKchpSvxKL4tvwMamqAaNDAyg==
  dependencies:
    "@types/react" ">=16.0.0"

streamsearch@^1.1.0:
  version "1.1.0"
  resolved "https://registry.yarnpkg.com/streamsearch/-/streamsearch-1.1.0.tgz#404dd1e2247ca94af554e841a8ef0eaa238da764"
  integrity sha512-Mcc5wHehp9aXz1ax6bZUyY5afg9u2rv5cqQI3mRrYkGC8rW2hM02jWuwjtL++LS5qinSyhj2QfLyNsuc+VsExg==

ts-mixer@^6.0.3:
  version "6.0.3"
  resolved "https://registry.yarnpkg.com/ts-mixer/-/ts-mixer-6.0.3.tgz#69bd50f406ff39daa369885b16c77a6194c7cae6"
  integrity sha512-k43M7uCG1AkTyxgnmI5MPwKoUvS/bRvLvUb7+Pgpdlmok8AoqmUaZxUUw8zKM5B1lqZrt41GjYgnvAi0fppqgQ==

tslib@^2.6.0, tslib@^2.6.1:
  version "2.6.2"
  resolved "https://registry.yarnpkg.com/tslib/-/tslib-2.6.2.tgz#703ac29425e7b37cd6fd456e92404d46d1f3e4ae"
  integrity sha512-AEYxH93jGFPn/a2iVAwW87VuUIkR1FVUKB77NwMF7nBTDkDrrT/Hpt/IrCJ0QXhW27jTBDcf5ZY7w6RiqTMw2Q==

twemoji-parser@14.0.0:
  version "14.0.0"
  resolved "https://registry.yarnpkg.com/twemoji-parser/-/twemoji-parser-14.0.0.tgz#13dabcb6d3a261d9efbf58a1666b182033bf2b62"
  integrity sha512-9DUOTGLOWs0pFWnh1p6NF+C3CkQ96PWmEFwhOVmT3WbecRC+68AIqpsnJXygfkFcp4aXbOp8Dwbhh/HQgvoRxA==

twemoji@^14.0.2:
  version "14.0.2"
  resolved "https://registry.yarnpkg.com/twemoji/-/twemoji-14.0.2.tgz#c53adb01dab22bf4870f648ca8cc347ce99ee37e"
  integrity sha512-BzOoXIe1QVdmsUmZ54xbEH+8AgtOKUiG53zO5vVP2iUu6h5u9lN15NcuS6te4OY96qx0H7JK9vjjl9WQbkTRuA==
  dependencies:
    fs-extra "^8.0.1"
    jsonfile "^5.0.0"
    twemoji-parser "14.0.0"
    universalify "^0.1.2"

typescript@^5.1.6:
  version "5.1.6"
  resolved "https://registry.yarnpkg.com/typescript/-/typescript-5.1.6.tgz#02f8ac202b6dad2c0dd5e0913745b47a37998274"
  integrity sha512-zaWCozRZ6DLEWAWFrVDz1H6FVXzUSfTy5FUMWsQlU8Ym5JP9eO4xkTIROFCQvhQf61z6O/G6ugw3SgAnvvm+HA==

undici@5.22.1:
  version "5.22.1"
  resolved "https://registry.yarnpkg.com/undici/-/undici-5.22.1.tgz#877d512effef2ac8be65e695f3586922e1a57d7b"
  integrity sha512-Ji2IJhFXZY0x/0tVBXeQwgPlLWw13GVzpsWPQ3rV50IFMMof2I55PZZxtm4P6iNq+L5znYN9nSTAq0ZyE6lSJw==
  dependencies:
    busboy "^1.6.0"

undici@^5.21.0:
  version "5.24.0"
  resolved "https://registry.yarnpkg.com/undici/-/undici-5.24.0.tgz#6133630372894cfeb3c3dab13b4c23866bd344b5"
  integrity sha512-OKlckxBjFl0oXxcj9FU6oB8fDAaiRUq+D8jrFWGmOfI/gIyjk/IeS75LMzgYKUaeHzLUcYvf9bbJGSrUwTfwwQ==
  dependencies:
    busboy "^1.6.0"

universalify@^0.1.0, universalify@^0.1.2:
  version "0.1.2"
  resolved "https://registry.yarnpkg.com/universalify/-/universalify-0.1.2.tgz#b646f69be3942dabcecc9d6639c80dc105efaa66"
  integrity sha512-rBJeI5CXAlmy1pV+617WB9J63U6XcazHHF2f2dbJix4XzpUF0RS3Zbj0FGIOCAva5P/d/GBOYaACQ1w+0azUkg==

ws@^8.13.0:
  version "8.13.0"
  resolved "https://registry.yarnpkg.com/ws/-/ws-8.13.0.tgz#9a9fb92f93cf41512a0735c8f4dd09b8a1211cd0"
  integrity sha512-x9vcZYTrFPC7aSIbj7sRCYo7L/Xb8Iy+pW0ng0wt2vCJv7M9HOMy0UoN3rr+IFC7hb7vXoqS+P9ktyLLLhO+LA==
